
Microsoft Visual Studio Solution File, Format Version 12.00
# Visual Studio Version 17
VisualStudioVersion = 17.9.34728.123
MinimumVisualStudioVersion = 10.0.40219.1
Project("{FAE04EC0-301F-11D3-BF4B-00C04F79EFBC}") = "Overloading, Overriding", "Overloading, Overriding\Overloading, Overriding.csproj", "{35A66499-03DA-4587-B914-BD022A67F46C}"
EndProject
Project("{FAE04EC0-301F-11D3-BF4B-00C04F79EFBC}") = "Overriding", "Overriding\Overriding.csproj", "{AA5B3A49-462D-4AE9-955A-A6796F91C497}"
EndProject
Global
	GlobalSection(SolutionConfigurationPlatforms) = preSolution
		Debug|Any CPU = Debug|Any CPU
		Release|Any CPU = Release|Any CPU
	EndGlobalSection
	GlobalSection(ProjectConfigurationPlatforms) = postSolution
		{35A66499-03DA-4587-B914-BD022A67F46C}.Debug|Any CPU.ActiveCfg = Debug|Any CPU
		{35A66499-03DA-4587-B914-BD022A67F46C}.Debug|Any CPU.Build.0 = Debug|Any CPU
		{35A66499-03DA-4587-B914-BD022A67F46C}.Release|Any CPU.ActiveCfg = Release|Any CPU
		{35A66499-03DA-4587-B914-BD022A67F46C}.Release|Any CPU.Build.0 = Release|Any CPU
		{AA5B3A49-462D-4AE9-955A-A6796F91C497}.Debug|Any CPU.ActiveCfg = Debug|Any CPU
		{AA5B3A49-462D-4AE9-955A-A6796F91C497}.Debug|Any CPU.Build.0 = Debug|Any CPU
		{AA5B3A49-462D-4AE9-955A-A6796F91C497}.Release|Any CPU.ActiveCfg = Release|Any CPU
		{AA5B3A49-462D-4AE9-955A-A6796F91C497}.Release|Any CPU.Build.0 = Release|Any CPU
	EndGlobalSection
	GlobalSection(SolutionProperties) = preSolution
		HideSolutionNode = FALSE
	EndGlobalSection
	GlobalSection(ExtensibilityGlobals) = postSolution
		SolutionGuid = {24A30BE3-B626-433A-8100-32F6C078B386}
	EndGlobalSection
EndGlobal
